
Microsoft Visual Studio Solution File, Format Version 12.00
# Visual Studio Version 17
VisualStudioVersion = 17.0.31919.166
MinimumVisualStudioVersion = 10.0.40219.1
Project("{FAE04EC0-301F-11D3-BF4B-00C04F79EFBC}") = "RecipeApi", "RecipeApi\RecipeApi.csproj", "{DAAEE36B-0E35-46CD-94AB-D5A0AE74DCC3}"
EndProject
Global
	GlobalSection(SolutionConfigurationPlatforms) = preSolution
		Debug|Any CPU = Debug|Any CPU
		Release|Any CPU = Release|Any CPU
	EndGlobalSection
	GlobalSection(ProjectConfigurationPlatforms) = postSolution
		{DAAEE36B-0E35-46CD-94AB-D5A0AE74DCC3}.Debug|Any CPU.ActiveCfg = Debug|Any CPU
		{DAAEE36B-0E35-46CD-94AB-D5A0AE74DCC3}.Debug|Any CPU.Build.0 = Debug|Any CPU
		{DAAEE36B-0E35-46CD-94AB-D5A0AE74DCC3}.Release|Any CPU.ActiveCfg = Release|Any CPU
		{DAAEE36B-0E35-46CD-94AB-D5A0AE74DCC3}.Release|Any CPU.Build.0 = Release|Any CPU
	EndGlobalSection
	GlobalSection(SolutionProperties) = preSolution
		HideSolutionNode = FALSE
	EndGlobalSection
	GlobalSection(ExtensibilityGlobals) = postSolution
		SolutionGuid = {6439EF93-00B6-4488-9C95-7E3E7AF32391}
	EndGlobalSection
EndGlobal
